github.com/chromedp/cdproto v0.0.0-20180713053126-e314dc107013/go.mod h1:C2GPAraqdt1KfZU7aSmx1XUgarNq/3JmxevQkmCjOVs=
github.com/chromedp/cdproto v0.0.0-20181118001904-26b5fa12673f h1:yof7/Z1m/MHUjT6mjr2Z4PM5G0XXNEvnBFIUQBDmuXw=
github.com/chromedp/cdproto v0.0.0-20181118001904-26b5fa12673f/go.mod h1:NcHZYATbiYX27TBzC98mmdw6oG1CGTiRXN+qGlkIzXs=
github.com/chromedp/cdproto v0.0.0-20190217000753-2d8e8962ceb2/go.mod h1:xquOK9dIGFlLaIGI4c6IyfLI/Gz0LiYYuJtzhsUODgI=
github.com/chromedp/cdproto v0.0.0-20190403231133-2aeaf1f9e897/go.mod h1:xquOK9dIGFlLaIGI4c6IyfLI/Gz0LiYYuJtzhsUODgI=
github.com/chromedp/cdproto v0.0.0-20190407221054-e2ccc0cc2d77 h1:HFX9/nG/k2Iom0EhnaY/5DlWlNDin1vovpFb6PiniOM=
github.com/chromedp/cdproto v0.0.0-20190407221054-e2ccc0cc2d77/go.mod h1:xquOK9dIGFlLaIGI4c6IyfLI/Gz0LiYYuJtzhsUODgI=
github.com/chromedp/chromedp v0.1.2 h1:qB/dpbbbOPGkKyZU2gKB49jp+ZvY9C3rPUfYELLz+6g=
github.com/chromedp/chromedp v0.1.2/go.mod h1:83UDY5CKmHrvKLQ6vVU+LVFUcfjOSPNufx8XFWLUYlQ=
github.com/chromedp/chromedp v0.1.3 h1:Nkqt42/7tvzg57mexc4LbM8nZbx7vSZ+eiUpeczGGL8=
github.com/chromedp/chromedp v0.1.3/go.mod h1:ZahQlJx8YBfDtuFN80zn6P7fskSotBkdhgKDoLWFANk=
github.com/chromedp/chromedp v0.1.4-0.20190408165214-b481eeac5108 h1:P027LpnsfB0MP8wBcUh3t/LKIX8SNjJQ7CQCGwdRgrA=
github.com/chromedp/chromedp v0.1.4-0.20190408165214-b481eeac5108/go.mod h1:v4PlRx/PwJQgKPdtgPLRKLW75by7qKtt1xXnr8hH9Ak=
github.com/disintegration/imaging v1.4.2 h1:BSVxoYQ2NfLdvIGCDD8GHgBV5K0FCEsc0d/6FxQII3I=
github.com/disintegration/imaging v1.4.2/go.mod h1:9B/deIUIrliYkyMTuXJd6OUFLcrZ2tf+3Qlwnaf/CjU=
github.com/disintegration/imaging v1.6.0 h1:nVPXRUUQ36Z7MNf0O77UzgnOb1mkMMor7lmJMJXc/mA=
github.com/disintegration/imaging v1.6.0/go.mod h1:xuIt+sRxDFrHS0drzXUlCJthkJ8k7lkkUojDSR247MQ=
github.com/gorilla/websocket v1.2.0 h1:VJtLvh6VQym50czpZzx07z/kw9EgAxI3x1ZB8taTMQQ=
github.com/gorilla/websocket v1.2.0/go.mod h1:E7qHFY5m1UJ88s3WnNqhKjPHQ0heANvMoAMk2YaljkQ=
github.com/gorilla/websocket v1.4.0 h1:WDFjx/TMzVgy9VdMMQi2K2Emtwi2QcUQsztZ/zLaH/Q=
github.com/gorilla/websocket v1.4.0/go.mod h1:E7qHFY5m1UJ88s3WnNqhKjPHQ0heANvMoAMk2YaljkQ=
github.com/knq/sysutil v0.0.0-20180306023629-0218e141a794 h1:hgWKTlyruPI7k8W+0FmTMLf+8d2KPxyzTxsfDDQhNp8=
github.com/knq/sysutil v0.0.0-20180306023629-0218e141a794/go.mod h1:BjPj+aVjl9FW/cCGiF3nGh5v+9Gd3VCgBQbod/GlMaQ=
github.com/knq/sysutil v0.0.0-20181215143952-f05b59f0f307 h1:vl4eIlySbjertFaNwiMjXsGrFVK25aOWLq7n+3gh2ls=
github.com/knq/sysutil v0.0.0-20181215143952-f05b59f0f307/go.mod h1:BjPj+aVjl9FW/cCGiF3nGh5v+9Gd3VCgBQbod/GlMaQ=
github.com/mailru/easyjson v0.0.0-20180606163543-3fdea8d05856/go.mod h1:C1wdFJiN94OJF2b5HbByQZoLdCWB1Yqtg26g4irojpc=
github.com/mailru/easyjson v0.0.0-20180823135443-60711f1a8329 h1:2gxZ0XQIU/5z3Z3bUBu+FXuk2pFbkN6tcwi/pjyaDic=
github.com/mailru/easyjson v0.0.0-20180823135443-60711f1a8329/go.mod h1:C1wdFJiN94OJF2b5HbByQZoLdCWB1Yqtg26g4irojpc=
github.com/mailru/easyjson v0.0.0-20190221075403-6243d8e04c3f/go.mod h1:C1wdFJiN94OJF2b5HbByQZoLdCWB1Yqtg26g4irojpc=
github.com/mailru/easyjson v0.0.0-20190403194419-1ea4449da983 h1:wL11wNW7dhKIcRCHSm4sHKPWz0tt4mwBsVodG7+Xyqg=
github.com/mailru/easyjson v0.0.0-20190403194419-1ea4449da983/go.mod h1:C1wdFJiN94OJF2b5HbByQZoLdCWB1Yqtg26g4irojpc=
golang.org/x/image v0.0.0-20180708004352-c73c2afc3b81 h1:00VmoueYNlNz/aHIilyyQz/MHSqGoWJzpFv/HW8xpzI=
golang.org/x/image v0.0.0-20180708004352-c73c2afc3b81/go.mod h1:ux5Hcp/YLpHSI86hEcLt0YII63i6oz57MZXIpbrjZUs=
golang.org/x/image v0.0.0-20190220214146-31aff87c08e9/go.mod h1:kZ7UVZpmo3dzQBMxlp+ypCbDeSB+sBbTgSJuh5dn5js=
golang.org/x/image v0.0.0-20190321063152-3fc05d484e9f h1:FO4MZ3N56GnxbqxGKqh+YTzUWQ2sDwtFQEZgLOxh9Jc=
golang.org/x/image v0.0.0-20190321063152-3fc05d484e9f/go.mod h1:kZ7UVZpmo3dzQBMxlp+ypCbDeSB+sBbTgSJuh5dn5js=
golang.org/x/text v0.3.0/go.mod h1:NqM8EUOU14njkJ3fqMW+pc6Ldnwhi/IjpwHt7yyuwOQ=
